<?xml version="1.0" encoding="utf-8"?>
<Project ToolsVersion="4.0" xmlns="http://schemas.microsoft.com/developer/msbuild/2003">
  <ItemGroup>
    <Filter Include="src">
      <UniqueIdentifier>{e9b2b8c8-28b3-4eff-986f-98a1b2cd3417}</UniqueIdentifier>
    </Filter>
  </ItemGroup>
  <ItemGroup>
    <ClCompile Include="GlutManager.cpp" />
    <ClCompile Include="main.cpp" />
    <ClCompile Include="Ship.cpp" />
    <ClCompile Include="Vector.cpp" />
    <ClCompile Include="Wall.cpp" />
    <ClCompile Include="Mouse.cpp" />
    <ClCompile Include="Window.cpp" />
    <ClCompile Include="Keyboard.cpp" />
  </ItemGroup>
  <ItemGroup>
    <ClInclude Include="Defines.h" />
    <ClInclude Include="GlutManager.h" />
    <ClInclude Include="GlutHeaders.h" />
    <ClInclude Include="Asteroid.h" />
    <ClInclude Include="Ship.h" />
    <ClInclude Include="Vector.h" />
    <ClInclude Include="State.h" />
    <ClInclude Include="Wall.h" />
    <ClInclude Include="Point.h" />
    <ClInclude Include="Window.h" />
    <ClInclude Include="Mouse.h" />
    <ClInclude Include="Keyboard.h" />
  </ItemGroup>
</Project>