<?xml version="1.0" encoding="utf-8"?>
<Project ToolsVersion="4.0" xmlns="http://schemas.microsoft.com/developer/msbuild/2003">
  <ItemGroup>
    <Filter Include="src">
      <UniqueIdentifier>{e9b2b8c8-28b3-4eff-986f-98a1b2cd3417}</UniqueIdentifier>
    </Filter>
  </ItemGroup>
  <ItemGroup>
    <ClCompile Include="GameManager.cpp" />
    <ClCompile Include="main.cpp" />
    <ClCompile Include="Ship.cpp" />
    <ClCompile Include="Vector.cpp" />
    <ClCompile Include="Wall.cpp" />
    <ClCompile Include="Mouse.cpp" />
    <ClCompile Include="Window.cpp" />
    <ClCompile Include="Keyboard.cpp" />
    <ClCompile Include="Arena.cpp" />
    <ClCompile Include="Collision.cpp" />
    <ClCompile Include="Asteroid.cpp" />
    <ClCompile Include="AsteroidField.cpp" />
    <ClCompile Include="Text.cpp" />
    <ClCompile Include="Exhaust.cpp" />
    <ClCompile Include="ExhaustParticle.cpp" />
    <ClCompile Include="Utility.cpp" />
  </ItemGroup>
  <ItemGroup>
    <ClInclude Include="Defines.h" />
    <ClInclude Include="GameManager.h" />
    <ClInclude Include="GlutHeaders.h" />
    <ClInclude Include="Asteroid.h" />
    <ClInclude Include="Ship.h" />
    <ClInclude Include="Vector.h" />
    <ClInclude Include="Enums.h" />
    <ClInclude Include="Wall.h" />
    <ClInclude Include="Point.h" />
    <ClInclude Include="Window.h" />
    <ClInclude Include="Mouse.h" />
    <ClInclude Include="Keyboard.h" />
    <ClInclude Include="Arena.h" />
    <ClInclude Include="Collision.h" />
    <ClInclude Include="AsteroidField.h" />
    <ClInclude Include="Text.h" />
    <ClInclude Include="Exhaust.h" />
    <ClInclude Include="ExhaustParticle.h" />
    <ClInclude Include="Utility.h" />
  </ItemGroup>
  <ItemGroup>
    <None Include=".editorconfig" />
  </ItemGroup>
</Project>